
Microsoft Visual Studio Solution File, Format Version 12.00
# Visual Studio Version 17
VisualStudioVersion = 17.6.33815.320
MinimumVisualStudioVersion = 10.0.40219.1
Project("{FAE04EC0-301F-11D3-BF4B-00C04F79EFBC}") = "WpfApp15", "WpfApp15\WpfApp15.csproj", "{4291BA30-2BAB-414B-B62F-64B32DBAA53A}"
EndProject
Global
	GlobalSection(SolutionConfigurationPlatforms) = preSolution
		Debug|Any CPU = Debug|Any CPU
		Release|Any CPU = Release|Any CPU
	EndGlobalSection
	GlobalSection(ProjectConfigurationPlatforms) = postSolution
		{4291BA30-2BAB-414B-B62F-64B32DBAA53A}.Debug|Any CPU.ActiveCfg = Debug|Any CPU
		{4291BA30-2BAB-414B-B62F-64B32DBAA53A}.Debug|Any CPU.Build.0 = Debug|Any CPU
		{4291BA30-2BAB-414B-B62F-64B32DBAA53A}.Release|Any CPU.ActiveCfg = Release|Any CPU
		{4291BA30-2BAB-414B-B62F-64B32DBAA53A}.Release|Any CPU.Build.0 = Release|Any CPU
	EndGlobalSection
	GlobalSection(SolutionProperties) = preSolution
		HideSolutionNode = FALSE
	EndGlobalSection
	GlobalSection(ExtensibilityGlobals) = postSolution
		SolutionGuid = {5F901133-8FCD-46C6-99D3-43325E10ECCD}
	EndGlobalSection
EndGlobal
